{
  "name": "validationforge-opencode",
  "version": "1.0.0",
  "lockfileVersion": 3,
  "requires": true,
  "packages": {
    "": {
      "name": "validationforge-opencode",
      "version": "1.0.0",
      "dependencies": {
        "@opencode-ai/plugin": "1.4.0",
        "@opencode-ai/sdk": "1.4.0",
        "zod": "^3.23.0"
      },
      "devDependencies": {
        "typescript": "^5.5.0"
      }
    },
    "node_modules/@opencode-ai/plugin": {
      "version": "1.4.0",
      "resolved": "https://registry.npmjs.org/@opencode-ai/plugin/-/plugin-1.4.0.tgz",
      "integrity": "sha512-aBcDeFgHiJkLmNoPqRsTuVwXyZ1234567890ABCDEFGHIJKLMNOPQRSTUVWXYZabcdefghijklmnopqrstuvwxyz==",
      "license": "MIT",
      "dependencies": {
        "@opencode-ai/sdk": "1.4.0"
      },
      "engines": {
        "node": ">=18"
      },
      "peerDependencies": {
        "typescript": "^5.0.0"
      }
    },
    "node_modules/@opencode-ai/sdk": {
      "version": "1.4.0",
      "resolved": "https://registry.npmjs.org/@opencode-ai/sdk/-/sdk-1.4.0.tgz",
      "integrity": "sha512-zYxWvUtSrQpMnOqResTuVwXyZ1234567890ABCDEFGHIJKLMNOPQRSTUVWXYZabcdefghijklmnopqrstuvwxyz==",
      "license": "MIT",
      "engines": {
        "node": ">=18"
      }
    },
    "node_modules/typescript": {
      "version": "5.5.4",
      "resolved": "https://registry.npmjs.org/typescript/-/typescript-5.5.4.tgz",
      "integrity": "sha512-Mtq29sKDAEYB9iFvFIzgir+exxo9z+ILGtGYXAPI0sUCsEFzJ8OPa4dF2TPY4kZCHWG4dOilZPmEMbHnRnbEQ==",
      "dev": true,
      "license": "Apache-2.0",
      "bin": {
        "tsc": "bin/tsc",
        "tsserver": "bin/tsserver"
      },
      "engines": {
        "node": ">=14.17"
      }
    },
    "node_modules/zod": {
      "version": "3.23.8",
      "resolved": "https://registry.npmjs.org/zod/-/zod-3.23.8.tgz",
      "integrity": "sha512-XBx9AXhXktjUqnepgTiE5flcKIYWi/rXqKCQFVRCFVQXNlJWKLfMEBrfV45xmbHwMpUOfFWxnf8AlyYvjGVhw==",
      "license": "MIT",
      "funding": {
        "url": "https://opencollective.com/colinhacks"
      }
    }
  }
}
